{
  "lockfileVersion": 1,
  "dependencies": {
    "@angular/service-worker": {
      "version": "6.0.3",
      "resolved": "https://registry.npmjs.org/@angular/service-worker/-/service-worker-6.0.3.tgz",
      "integrity": "sha512-jTlWOYXQewj1j8h0sk9NLk5AmA51Jy9M7LFaISOzFaHZWAr9qDcY1TxSNRmpzo+f0vAyGgZ2/9+jgVOwbVHMfA=="
    },
    "tslib": {
      "version": "1.9.1",
      "resolved": "https://registry.npmjs.org/tslib/-/tslib-1.9.1.tgz",
      "integrity": "sha512-avfPS28HmGLLc2o4elcc2EIq2FcH++Yo5YxpBZi9Yw93BCTGFthI4HPE4Rpep6vSYQaK8e69PelM44tPj+RaQg=="
    }
  }
}
